
Microsoft Visual Studio Solution File, Format Version 12.00
# Visual Studio Version 17
VisualStudioVersion = 17.0.31919.166
MinimumVisualStudioVersion = 10.0.40219.1
Project("{9A19103F-16F7-4668-BE54-9A1E7A4F7556}") = "Section 1 - Your First CSharp Program", "Section 1 - Your First CSharp Program\Section 1 - Your First CSharp Program.csproj", "{8AFE4D47-D64A-4D1B-916D-97D4EC0EBF9F}"
EndProject
Project("{9A19103F-16F7-4668-BE54-9A1E7A4F7556}") = "Section 2 - DataTypes and Variables", "Section 2 - DataTypes and Variables\Section 2 - DataTypes and Variables.csproj", "{3B131C1A-C07E-4369-9D13-E385FE48F5E7}"
EndProject
Project("{9A19103F-16F7-4668-BE54-9A1E7A4F7556}") = "Section 3 - Functions and Methods", "Section 3 - Functions and Methods\Section 3 - Functions and Methods.csproj", "{884AECE7-EF6F-4892-905A-1345B91F2F70}"
EndProject
Project("{9A19103F-16F7-4668-BE54-9A1E7A4F7556}") = "Section 4 - Making Decisions", "Section 4 - Making Decisions\Section 4 - Making Decisions.csproj", "{E5A4DC44-431C-4FFC-A224-6A45CC210164}"
EndProject
Project("{9A19103F-16F7-4668-BE54-9A1E7A4F7556}") = "Section 5 - Loops", "Section 5 - Loops\Section 5 - Loops.csproj", "{5AAC7E46-1916-4874-9D9A-29B1B90C4889}"
EndProject
Project("{9A19103F-16F7-4668-BE54-9A1E7A4F7556}") = "Section 7 - Collections in CSharp", "Section 7 - Collections in CSharp\Section 7 - Collections in CSharp.csproj", "{6F8AF1DB-BF49-4C10-A1BD-58B9DD3B8B21}"
EndProject
Project("{9A19103F-16F7-4668-BE54-9A1E7A4F7556}") = "Section 9 - Inheritance And More About OOP", "Section 9 - Inheritance And More About OOP\Section 9 - Inheritance And More About OOP.csproj", "{070C7E60-F06D-4C12-81FB-EFCDA396F12A}"
EndProject
Project("{9A19103F-16F7-4668-BE54-9A1E7A4F7556}") = "Section 13 - WPF - Windows Presentation Foundation", "Section 13 - WPF - Windows Presentation Foundation\Section 13 - WPF - Windows Presentation Foundation.csproj", "{C98D589D-36F2-41AA-A5E6-0745F0C8EBD2}"
EndProject
Project("{FAE04EC0-301F-11D3-BF4B-00C04F79EFBC}") = "Section 14 - Using Databases", "Section 14 - Using Databases\Section 14 - Using Databases.csproj", "{E28AAB75-E13F-4443-85A3-DA80E39F2FBE}"
EndProject
Project("{FAE04EC0-301F-11D3-BF4B-00C04F79EFBC}") = "Section 15 - Linq", "Section 15 - Linq\Section 15 - Linq.csproj", "{F20BB029-DDDC-4BD5-90D2-5358C657E0BB}"
EndProject
Project("{FAE04EC0-301F-11D3-BF4B-00C04F79EFBC}") = "Section 15 Part 2 - Linq to SQL", "Section 15 Part 2 - Linq to SQL\Section 15 Part 2 - Linq to SQL.csproj", "{FF89AC71-7B89-4A57-9303-4D8D3293FDB2}"
EndProject
Project("{FAE04EC0-301F-11D3-BF4B-00C04F79EFBC}") = "Section 16 - Currency Converter WPF App", "Section 16 - Currency Converter WPF App\Section 16 - Currency Converter WPF App.csproj", "{9F4E83D7-315A-4A83-8043-4AC8AAE274AF}"
EndProject
Global
	GlobalSection(SolutionConfigurationPlatforms) = preSolution
		Debug|Any CPU = Debug|Any CPU
		Release|Any CPU = Release|Any CPU
	EndGlobalSection
	GlobalSection(ProjectConfigurationPlatforms) = postSolution
		{8AFE4D47-D64A-4D1B-916D-97D4EC0EBF9F}.Debug|Any CPU.ActiveCfg = Debug|Any CPU
		{8AFE4D47-D64A-4D1B-916D-97D4EC0EBF9F}.Debug|Any CPU.Build.0 = Debug|Any CPU
		{8AFE4D47-D64A-4D1B-916D-97D4EC0EBF9F}.Release|Any CPU.ActiveCfg = Release|Any CPU
		{8AFE4D47-D64A-4D1B-916D-97D4EC0EBF9F}.Release|Any CPU.Build.0 = Release|Any CPU
		{3B131C1A-C07E-4369-9D13-E385FE48F5E7}.Debug|Any CPU.ActiveCfg = Debug|Any CPU
		{3B131C1A-C07E-4369-9D13-E385FE48F5E7}.Debug|Any CPU.Build.0 = Debug|Any CPU
		{3B131C1A-C07E-4369-9D13-E385FE48F5E7}.Release|Any CPU.ActiveCfg = Release|Any CPU
		{3B131C1A-C07E-4369-9D13-E385FE48F5E7}.Release|Any CPU.Build.0 = Release|Any CPU
		{884AECE7-EF6F-4892-905A-1345B91F2F70}.Debug|Any CPU.ActiveCfg = Debug|Any CPU
		{884AECE7-EF6F-4892-905A-1345B91F2F70}.Debug|Any CPU.Build.0 = Debug|Any CPU
		{884AECE7-EF6F-4892-905A-1345B91F2F70}.Release|Any CPU.ActiveCfg = Release|Any CPU
		{884AECE7-EF6F-4892-905A-1345B91F2F70}.Release|Any CPU.Build.0 = Release|Any CPU
		{E5A4DC44-431C-4FFC-A224-6A45CC210164}.Debug|Any CPU.ActiveCfg = Debug|Any CPU
		{E5A4DC44-431C-4FFC-A224-6A45CC210164}.Debug|Any CPU.Build.0 = Debug|Any CPU
		{E5A4DC44-431C-4FFC-A224-6A45CC210164}.Release|Any CPU.ActiveCfg = Release|Any CPU
		{E5A4DC44-431C-4FFC-A224-6A45CC210164}.Release|Any CPU.Build.0 = Release|Any CPU
		{5AAC7E46-1916-4874-9D9A-29B1B90C4889}.Debug|Any CPU.ActiveCfg = Debug|Any CPU
		{5AAC7E46-1916-4874-9D9A-29B1B90C4889}.Debug|Any CPU.Build.0 = Debug|Any CPU
		{5AAC7E46-1916-4874-9D9A-29B1B90C4889}.Release|Any CPU.ActiveCfg = Release|Any CPU
		{5AAC7E46-1916-4874-9D9A-29B1B90C4889}.Release|Any CPU.Build.0 = Release|Any CPU
		{6F8AF1DB-BF49-4C10-A1BD-58B9DD3B8B21}.Debug|Any CPU.ActiveCfg = Debug|Any CPU
		{6F8AF1DB-BF49-4C10-A1BD-58B9DD3B8B21}.Debug|Any CPU.Build.0 = Debug|Any CPU
		{6F8AF1DB-BF49-4C10-A1BD-58B9DD3B8B21}.Release|Any CPU.ActiveCfg = Release|Any CPU
		{6F8AF1DB-BF49-4C10-A1BD-58B9DD3B8B21}.Release|Any CPU.Build.0 = Release|Any CPU
		{070C7E60-F06D-4C12-81FB-EFCDA396F12A}.Debug|Any CPU.ActiveCfg = Debug|Any CPU
		{070C7E60-F06D-4C12-81FB-EFCDA396F12A}.Debug|Any CPU.Build.0 = Debug|Any CPU
		{070C7E60-F06D-4C12-81FB-EFCDA396F12A}.Release|Any CPU.ActiveCfg = Release|Any CPU
		{070C7E60-F06D-4C12-81FB-EFCDA396F12A}.Release|Any CPU.Build.0 = Release|Any CPU
		{C98D589D-36F2-41AA-A5E6-0745F0C8EBD2}.Debug|Any CPU.ActiveCfg = Debug|Any CPU
		{C98D589D-36F2-41AA-A5E6-0745F0C8EBD2}.Debug|Any CPU.Build.0 = Debug|Any CPU
		{C98D589D-36F2-41AA-A5E6-0745F0C8EBD2}.Release|Any CPU.ActiveCfg = Release|Any CPU
		{C98D589D-36F2-41AA-A5E6-0745F0C8EBD2}.Release|Any CPU.Build.0 = Release|Any CPU
		{E28AAB75-E13F-4443-85A3-DA80E39F2FBE}.Debug|Any CPU.ActiveCfg = Debug|Any CPU
		{E28AAB75-E13F-4443-85A3-DA80E39F2FBE}.Debug|Any CPU.Build.0 = Debug|Any CPU
		{E28AAB75-E13F-4443-85A3-DA80E39F2FBE}.Release|Any CPU.ActiveCfg = Release|Any CPU
		{E28AAB75-E13F-4443-85A3-DA80E39F2FBE}.Release|Any CPU.Build.0 = Release|Any CPU
		{F20BB029-DDDC-4BD5-90D2-5358C657E0BB}.Debug|Any CPU.ActiveCfg = Debug|Any CPU
		{F20BB029-DDDC-4BD5-90D2-5358C657E0BB}.Debug|Any CPU.Build.0 = Debug|Any CPU
		{F20BB029-DDDC-4BD5-90D2-5358C657E0BB}.Release|Any CPU.ActiveCfg = Release|Any CPU
		{F20BB029-DDDC-4BD5-90D2-5358C657E0BB}.Release|Any CPU.Build.0 = Release|Any CPU
		{FF89AC71-7B89-4A57-9303-4D8D3293FDB2}.Debug|Any CPU.ActiveCfg = Debug|Any CPU
		{FF89AC71-7B89-4A57-9303-4D8D3293FDB2}.Debug|Any CPU.Build.0 = Debug|Any CPU
		{FF89AC71-7B89-4A57-9303-4D8D3293FDB2}.Release|Any CPU.ActiveCfg = Release|Any CPU
		{FF89AC71-7B89-4A57-9303-4D8D3293FDB2}.Release|Any CPU.Build.0 = Release|Any CPU
		{9F4E83D7-315A-4A83-8043-4AC8AAE274AF}.Debug|Any CPU.ActiveCfg = Debug|Any CPU
		{9F4E83D7-315A-4A83-8043-4AC8AAE274AF}.Debug|Any CPU.Build.0 = Debug|Any CPU
		{9F4E83D7-315A-4A83-8043-4AC8AAE274AF}.Release|Any CPU.ActiveCfg = Release|Any CPU
		{9F4E83D7-315A-4A83-8043-4AC8AAE274AF}.Release|Any CPU.Build.0 = Release|Any CPU
	EndGlobalSection
	GlobalSection(SolutionProperties) = preSolution
		HideSolutionNode = FALSE
	EndGlobalSection
	GlobalSection(ExtensibilityGlobals) = postSolution
		SolutionGuid = {8964BE85-DDC1-4225-96B7-8A7043224644}
	EndGlobalSection
EndGlobal
